
Microsoft Visual Studio Solution File, Format Version 12.00
# Visual Studio Version 17
VisualStudioVersion = 17.4.33213.308
MinimumVisualStudioVersion = 10.0.40219.1
Project("{FAE04EC0-301F-11D3-BF4B-00C04F79EFBC}") = "MOD_04_1302210024", "MOD_04_1302210024\MOD_04_1302210024.csproj", "{1549B192-252A-4E05-871E-0BE2E0B091C2}"
EndProject
Global
	GlobalSection(SolutionConfigurationPlatforms) = preSolution
		Debug|Any CPU = Debug|Any CPU
		Release|Any CPU = Release|Any CPU
	EndGlobalSection
	GlobalSection(ProjectConfigurationPlatforms) = postSolution
		{1549B192-252A-4E05-871E-0BE2E0B091C2}.Debug|Any CPU.ActiveCfg = Debug|Any CPU
		{1549B192-252A-4E05-871E-0BE2E0B091C2}.Debug|Any CPU.Build.0 = Debug|Any CPU
		{1549B192-252A-4E05-871E-0BE2E0B091C2}.Release|Any CPU.ActiveCfg = Release|Any CPU
		{1549B192-252A-4E05-871E-0BE2E0B091C2}.Release|Any CPU.Build.0 = Release|Any CPU
	EndGlobalSection
	GlobalSection(SolutionProperties) = preSolution
		HideSolutionNode = FALSE
	EndGlobalSection
	GlobalSection(ExtensibilityGlobals) = postSolution
		SolutionGuid = {D2C0D9DA-5919-42D3-BF93-A124AB56ED7B}
	EndGlobalSection
EndGlobal
